
Microsoft Visual Studio Solution File, Format Version 12.00
# Visual Studio Version 16
VisualStudioVersion = 16.0.31313.79
MinimumVisualStudioVersion = 10.0.40219.1
Project("{FAE04EC0-301F-11D3-BF4B-00C04F79EFBC}") = "Menus", "Menus\Menus.csproj", "{FC0E830B-5C30-4903-811F-B650E2A59FBA}"
EndProject
Global
	GlobalSection(SolutionConfigurationPlatforms) = preSolution
		Debug|Any CPU = Debug|Any CPU
		Release|Any CPU = Release|Any CPU
	EndGlobalSection
	GlobalSection(ProjectConfigurationPlatforms) = postSolution
		{FC0E830B-5C30-4903-811F-B650E2A59FBA}.Debug|Any CPU.ActiveCfg = Debug|Any CPU
		{FC0E830B-5C30-4903-811F-B650E2A59FBA}.Debug|Any CPU.Build.0 = Debug|Any CPU
		{FC0E830B-5C30-4903-811F-B650E2A59FBA}.Release|Any CPU.ActiveCfg = Release|Any CPU
		{FC0E830B-5C30-4903-811F-B650E2A59FBA}.Release|Any CPU.Build.0 = Release|Any CPU
	EndGlobalSection
	GlobalSection(SolutionProperties) = preSolution
		HideSolutionNode = FALSE
	EndGlobalSection
	GlobalSection(ExtensibilityGlobals) = postSolution
		SolutionGuid = {04D7173A-8649-42BF-8F6F-D35DB9B25426}
	EndGlobalSection
EndGlobal
